codnect.io/logy v1.0.2 h1:KT1RG+4YENvYeok3beCY7vHrosXwlDOkHXQ477XgnI4=
codnect.io/logy v1.0.2/go.mod h1:WPB9LK1/S2sblgj/qqlJ+OKSxU4aDhl1zE3+/8GMWe4=
codnect.io/procyon-core v0.0.13 h1:YZfpHmFeJ6GSrYMji58yasUJ8ggHXRux5qPS8KyPGiY=
codnect.io/procyon-core v0.0.13/go.mod h1:JvFgYD3tlTwgmH995Qsf9L5FbB1ebBnfQSrlq/Vi/ig=
codnect.io/procyon-core v0.0.14 h1:IK2A67VFDkFOE9428u9YCZfDbDd01fAL9dwCpsviRn4=
codnect.io/procyon-core v0.0.14/go.mod h1:JvFgYD3tlTwgmH995Qsf9L5FbB1ebBnfQSrlq/Vi/ig=
codnect.io/procyon-core v0.0.15 h1:O8osNtFDuYDJFo/VnuV8sBa0mFaOUTgJF572ke2xclA=
codnect.io/procyon-core v0.0.15/go.mod h1:JvFgYD3tlTwgmH995Qsf9L5FbB1ebBnfQSrlq/Vi/ig=
codnect.io/procyon-core v0.0.16 h1:Is/R/KScWX6snyHbdZZVa6UxqOM4LNPxYeHKqpLlriA=
codnect.io/procyon-core v0.0.16/go.mod h1:JvFgYD3tlTwgmH995Qsf9L5FbB1ebBnfQSrlq/Vi/ig=
codnect.io/procyon-core v0.0.17 h1:7Zq6nrL/Lm6b89RGWQqDgKcwiF+sTtHPlrsxpfuFPfI=
codnect.io/procyon-core v0.0.17/go.mod h1:JvFgYD3tlTwgmH995Qsf9L5FbB1ebBnfQSrlq/Vi/ig=
codnect.io/reflector v0.0.13-dev h1:hYCDBGVZcJev1PZ11kGOnJcQaCBw1gH9fycXpjS8Hak=
codnect.io/reflector v0.0.13-dev/go.mod h1:Ttdo+IMvo0WFY/BATxL86LdBDqCBOh2mO3Tb7I0bykY=
github.com/cpuguy83/go-md2man/v2 v2.0.4/go.mod h1:tgQtvFlXSQOSOSIRvRPT7W67SCa46tRHOmNcaadrF8o=
github.com/davecgh/go-spew v1.1.1 h1:vj9j/u1bqnvCEfJOwUhtlOARqs3+rkHYY13jYWTU97c=
github.com/davecgh/go-spew v1.1.1/go.mod h1:J7Y8YcW2NihsgmVo/mv3lAwl/skON4iLHjSsI+c5H38=
github.com/inconshreveable/mousetrap v1.1.0 h1:wN+x4NVGpMsO7ErUn/mUI3vEoE6Jt13X2s0bqwp9tc8=
github.com/inconshreveable/mousetrap v1.1.0/go.mod h1:vpF70FUmC8bwa3OWnCshd2FqLfsEA9PFc4w1p2J65bw=
github.com/pmezard/go-difflib v1.0.0 h1:4DBwDE0NGyQoBHbLQYPwSUPoCMWR5BEzIk/f1lZbAQM=
github.com/pmezard/go-difflib v1.0.0/go.mod h1:iKH77koFhYxTK1pcRnkKkqfTogsbg7gZNVY4sRDYZ/4=
github.com/russross/blackfriday/v2 v2.1.0/go.mod h1:+Rmxgy9KzJVeS9/2gXHxylqXiyQDYRxCVz55jmeOWTM=
github.com/spf13/cobra v1.8.1 h1:e5/vxKd/rZsfSJMUX1agtjeTDf+qv1/JdBF8gg5k9ZM=
github.com/spf13/cobra v1.8.1/go.mod h1:wHxEcudfqmLYa8iTfL+OuZPbBZkmvliBWKIezN3kD9Y=
github.com/spf13/pflag v1.0.5 h1:iy+VFUOCP1a+8yFto/drg2CJ5u0yRoB7fZw3DKv/JXA=
github.com/spf13/pflag v1.0.5/go.mod h1:McXfInJRrz4CZXVZOBLb0bTZqETkiAhM9Iw0y3An2Bg=
github.com/stretchr/objx v0.5.0 h1:1zr/of2m5FGMsad5YfcqgdqdWrIhu+EBEJRhR1U7z/c=
github.com/stretchr/objx v0.5.0/go.mod h1:Yh+to48EsGEfYuaHDzXPcE3xhTkx73EhmCGUpEOglKo=
github.com/stretchr/testify v1.8.2 h1:+h33VjcLVPDHtOdpUCuF+7gSuG3yGIftsP1YvFihtJ8=
github.com/stretchr/testify v1.8.2/go.mod h1:w2LPCIKwWwSfY2zedu0+kehJoqGctiVI29o6fzry7u4=
github.com/xo/terminfo v0.0.0-20220910002029-abceb7e1c41e h1:JVG44RsyaB9T2KIHavMF/ppJZNG9ZpyihvCd0w101no=
github.com/xo/terminfo v0.0.0-20220910002029-abceb7e1c41e/go.mod h1:RbqR21r5mrJuqunuUZ/Dhy/avygyECGrLceyNeo4LiM=
golang.org/x/exp v0.0.0-20220909182711-5c715a9e8561 h1:MDc5xs78ZrZr3HMQugiXOAkSZtfTpbJLDr/lwfgO53E=
golang.org/x/exp v0.0.0-20220909182711-5c715a9e8561/go.mod h1:cyybsKvd6eL0RnXn6p/Grxp8F5bW7iYuBgsNCOHpMYE=
golang.org/x/sys v0.6.0 h1:MVltZSvRTcU2ljQOhs94SXPftV6DCNnZViHeQps87pQ=
golang.org/x/sys v0.6.0/go.mod h1:oPkhp1MJrh7nUepCBck5+mAzfO9JrbApNNgaTdGDITg=
golang.org/x/sys v0.24.0 h1:Twjiwq9dn6R1fQcyiK+wQyHWfaz/BJB+YIpzU/Cv3Xg=
golang.org/x/sys v0.24.0/go.mod h1:/VUhepiaJMQUp4+oa/7Zr1D23ma6VTLIYjOOTFZPUcA=
gopkg.in/check.v1 v0.0.0-20161208181325-20d25e280405 h1:yhCVgyC4o1eVCa2tZl7eS0r+SDo693bJlVdllGtEeKM=
gopkg.in/check.v1 v0.0.0-20161208181325-20d25e280405/go.mod h1:Co6ibVJAznAaIkqp8huTwlJQCZ016jof/cbN4VW5Yz0=
gopkg.in/yaml.v3 v3.0.1 h1:fxVm/GzAzEWqLHuvctI91KS9hhNmmWOoWu0XTYJS7CA=
gopkg.in/yaml.v3 v3.0.1/go.mod h1:K4uyk7z7BCEPqu6E+C64Yfv1cQ7kz7rIZviUmN+EgEM=
