github.com/Rollcomp/procyon-context v0.0.0-20200518193116-e3dda58cc876 h1:oNrY9y/7+NS1u7cwM1PtB85sV5686smkifjVrMBKVV4=
github.com/Rollcomp/procyon-context v0.0.0-20200518193116-e3dda58cc876/go.mod h1:nX+YGwB6Hzy5S1oE3+HDgMrLE0TeFjtiVzlcfZp/+7A=
github.com/Rollcomp/procyon-core v0.0.0-20200518185423-323f36aba199 h1:j8k4syJ4wb7Pad9miVHpvIoxXjlqvhHGDJAB0qpbC5k=
github.com/Rollcomp/procyon-core v0.0.0-20200518185423-323f36aba199/go.mod h1:90quWZ0567Mhvv2SofDr4Fh97CTcwWi+V2LUJnHRlCQ=
github.com/Rollcomp/procyon-core v0.0.0-20200518190211-05f19133892b h1:LwhXjWyY82dgVqGoAzvTQAY8ZHAkxyxMyobiXwv0BxI=
github.com/Rollcomp/procyon-core v0.0.0-20200518190211-05f19133892b/go.mod h1:90quWZ0567Mhvv2SofDr4Fh97CTcwWi+V2LUJnHRlCQ=
github.com/Rollcomp/procyon-web v0.0.0-20200518192228-ea76f20fadab h1:O2etBSVeLc3wb4gS9SHFHnYUoQYKfC/LIX4nWZt1fOY=
github.com/Rollcomp/procyon-web v0.0.0-20200518192228-ea76f20fadab/go.mod h1:RkTA7ig0SKnccJgtFh1aJtT2b09m7caCF+m5FWp/cWk=
