github.com/Rollcomp/procyon-configure v0.0.0-20200524153318-192287148c56 h1:pVwsUBt5A8L+gE/CK1qVWEKoqknIOLEfmlSm6AdNI2A=
github.com/Rollcomp/procyon-configure v0.0.0-20200524153318-192287148c56/go.mod h1:Rg0axa2FkyNdHFkHOm3biq2XOsbXs923HJH+rgy7byQ=
github.com/Rollcomp/procyon-context v0.0.0-20200524152942-ed64f3ed6622 h1:BEP1Vi54aWivWuScGVsunH6WcgoONu1Rfm/Oz2l7hB0=
github.com/Rollcomp/procyon-context v0.0.0-20200524152942-ed64f3ed6622/go.mod h1:g6CzXInwwr9TSOf1hYxSkLgJFcRUYQ1K80V2dzvC3ps=
github.com/Rollcomp/procyon-context v0.0.0-20200525012628-8b5f31ee692f h1:xj93+YM6yTR3IciC8yPOC77mlWmhnUm1qjaYKTsbqpc=
github.com/Rollcomp/procyon-context v0.0.0-20200525012628-8b5f31ee692f/go.mod h1:+oC+fjh9i79GXNldeEhOC2zGkgmhNAqIrJVMVqrb30w=
github.com/Rollcomp/procyon-context v0.0.0-20200525014647-94e68d66d8f1 h1:kbSngHoyMYYjyLEhIQW+HET0lZ/iSf34L0yqPsfNoq0=
github.com/Rollcomp/procyon-context v0.0.0-20200525014647-94e68d66d8f1/go.mod h1:+oC+fjh9i79GXNldeEhOC2zGkgmhNAqIrJVMVqrb30w=
github.com/Rollcomp/procyon-context v0.0.0-20200525020420-d5485b3c8020 h1:fRNZ4PpeOAvve1i2pV81s4OJBzJ4iSKlag1en8oDsaE=
github.com/Rollcomp/procyon-context v0.0.0-20200525020420-d5485b3c8020/go.mod h1:kVF+XdhM1wXCtSGayBnaBfRQGRgkAYkUh2rS2N9kEqM=
github.com/Rollcomp/procyon-context v0.0.0-20200525021042-47dca2dc44a9 h1:S0GKc9PsDNUqObU7fpcjcfKWy4jwHB0ruO3E0gRPeHE=
github.com/Rollcomp/procyon-context v0.0.0-20200525021042-47dca2dc44a9/go.mod h1:kVF+XdhM1wXCtSGayBnaBfRQGRgkAYkUh2rS2N9kEqM=
github.com/Rollcomp/procyon-core v0.0.0-20200518190211-05f19133892b h1:LwhXjWyY82dgVqGoAzvTQAY8ZHAkxyxMyobiXwv0BxI=
github.com/Rollcomp/procyon-core v0.0.0-20200518190211-05f19133892b/go.mod h1:90quWZ0567Mhvv2SofDr4Fh97CTcwWi+V2LUJnHRlCQ=
github.com/Rollcomp/procyon-core v0.0.0-20200524152218-3668b36f69a3 h1:sxu9KNx3uGMhWXB/ZNB1bQxtK9DPe8h4jFVNBWvkbG0=
github.com/Rollcomp/procyon-core v0.0.0-20200524152218-3668b36f69a3/go.mod h1:ezcPFnpBC6fpM3KQP002VKzkaJwWsN3p0BkAIxI3h9A=
github.com/Rollcomp/procyon-core v0.0.0-20200524164608-a02fee231698/go.mod h1:ezcPFnpBC6fpM3KQP002VKzkaJwWsN3p0BkAIxI3h9A=
github.com/Rollcomp/procyon-core v0.0.0-20200524194447-c510dd1b33b4 h1:2SrSo95gbAUI7Mc9z0yq6NQxMlx4JqX1btc7vRsRrmQ=
github.com/Rollcomp/procyon-core v0.0.0-20200524194447-c510dd1b33b4/go.mod h1:ezcPFnpBC6fpM3KQP002VKzkaJwWsN3p0BkAIxI3h9A=
github.com/Rollcomp/procyon-peas v0.0.0-20200525000654-2953d3d70dc6 h1:D7VUs14OdDzd1fEeOUGCSDrjWfR0siItSURasew0UZk=
github.com/Rollcomp/procyon-peas v0.0.0-20200525000654-2953d3d70dc6/go.mod h1:gpVFvytSPTzATe7C4VfFn56b6FxX7XwZN5UPMUYyv3A=
github.com/Rollcomp/procyon-peas v0.0.0-20200525020014-ddbd4edb589c h1:BSuov6z9oqQw6OjdqB1rg8/OPyIGvYAf/PTBl+m50h8=
github.com/Rollcomp/procyon-peas v0.0.0-20200525020014-ddbd4edb589c/go.mod h1:gpVFvytSPTzATe7C4VfFn56b6FxX7XwZN5UPMUYyv3A=
github.com/Rollcomp/procyon-web v0.0.0-20200519131804-1ffe1e6425ef h1:OYzXdS8lBwzxdDhEAe1iXzBMI92ZOuVJItv9Ltb548M=
github.com/Rollcomp/procyon-web v0.0.0-20200519131804-1ffe1e6425ef/go.mod h1:8Gd4E/ZR85Gpy10Bld7rgYqgGwskDhFYAKGbACFoDpU=
github.com/Rollcomp/procyon-web v0.0.0-20200524153111-0ca9e3400a8b h1:FjGQcnDH480x9FM1Wyeg8uiZiRNXAi1b5xC7e+FExEU=
github.com/Rollcomp/procyon-web v0.0.0-20200524153111-0ca9e3400a8b/go.mod h1:NaL7sNjRrst9cTe4LgJbY3WqgC22W2zK+shHGgNepNo=
github.com/Rollcomp/procyon-web v0.0.0-20200525013935-e8ae9c204b17 h1:I/A/8ZCd7rfduQ1j9kyxE4146z/miar6LzOIKFFwnFY=
github.com/Rollcomp/procyon-web v0.0.0-20200525013935-e8ae9c204b17/go.mod h1:fJ04kMjdoM9viM5U+nwICiWyk6lOjrsAqfoZobEOztM=
github.com/Rollcomp/procyon-web v0.0.0-20200525014948-dbba19d57612 h1:UDDsQQ/iOngjDaBkVc+63fFQ1SWy6NZBznieDeKMMM8=
github.com/Rollcomp/procyon-web v0.0.0-20200525014948-dbba19d57612/go.mod h1:krVc+OSCuqB214L84FaI5AuDNvg9AsohI4bPZ6avKo0=
github.com/Rollcomp/procyon-web v0.0.0-20200525021154-12f57d3926f2 h1:N/mZ+XwGfZgHFhpmYccvOPtzc6XbgS0NubLnVGnRa6Y=
github.com/Rollcomp/procyon-web v0.0.0-20200525021154-12f57d3926f2/go.mod h1:FnaLc8skrpr/8VahANZCOb4JQmIwer/SrUnMdW6FGMU=
github.com/codnect/go-one v0.0.0-20200119222923-a2229e1e905b h1:jyGKyFxQuUnKEvAS3ljhH/UOSQ9drm5iaiu1ambHcqM=
github.com/codnect/go-one v0.0.0-20200119222923-a2229e1e905b/go.mod h1:HNA7tG2YZZVRFjlRD6MaYWZrzIMANR4z9Wq/wuZZDJI=
github.com/codnect/go-reflect v0.0.0-20200128204814-2eb4070700ed h1:PEkp4HpFmGb6XX4TfxkUHs9b9k2EDWvtJs3Eizo4Pzc=
github.com/codnect/go-reflect v0.0.0-20200128204814-2eb4070700ed/go.mod h1:IMvgnKxLSnOoNSdS9Burf/yAMs9yzLMKmPie3uI/RFw=
github.com/creack/pty v1.1.9/go.mod h1:oKZEueFk5CKHvIhNR5MUki03XCEU+Q6VDXinZuGJ33E=
github.com/davecgh/go-spew v1.1.0 h1:ZDRjVQ15GmhC3fiQ8ni8+OwkZQO4DARzQgrnXU1Liz8=
github.com/davecgh/go-spew v1.1.0/go.mod h1:J7Y8YcW2NihsgmVo/mv3lAwl/skON4iLHjSsI+c5H38=
github.com/davecgh/go-spew v1.1.1 h1:vj9j/u1bqnvCEfJOwUhtlOARqs3+rkHYY13jYWTU97c=
github.com/davecgh/go-spew v1.1.1/go.mod h1:J7Y8YcW2NihsgmVo/mv3lAwl/skON4iLHjSsI+c5H38=
github.com/kr/pty v1.1.1/go.mod h1:pFQYn66WHrOpPYNljwOMqo10TkYh1fy3cYio2l3bCsQ=
github.com/kr/text v0.1.0 h1:45sCR5RtlFHMR4UwH9sdQ5TC8v0qDQCHnXt+kaKSTVE=
github.com/kr/text v0.1.0/go.mod h1:4Jbv+DJW3UT/LiOwJeYQe1efqtUx/iVham/4vfdArNI=
github.com/kr/text v0.2.0 h1:5Nx0Ya0ZqY2ygV366QzturHI13Jq95ApcVaJBhpS+AY=
github.com/kr/text v0.2.0/go.mod h1:eLer722TekiGuMkidMxC/pM04lWEeraHUUmBw8l2grE=
github.com/niemeyer/pretty v0.0.0-20200227124842-a10e7caefd8e h1:fD57ERR4JtEqsWbfPhv4DMiApHyliiK5xCTNVSPiaAs=
github.com/niemeyer/pretty v0.0.0-20200227124842-a10e7caefd8e/go.mod h1:zD1mROLANZcx1PVRCS0qkT7pwLkGfwJo4zjcN/Tysno=
github.com/pmezard/go-difflib v1.0.0 h1:4DBwDE0NGyQoBHbLQYPwSUPoCMWR5BEzIk/f1lZbAQM=
github.com/pmezard/go-difflib v1.0.0/go.mod h1:iKH77koFhYxTK1pcRnkKkqfTogsbg7gZNVY4sRDYZ/4=
github.com/stretchr/objx v0.1.0/go.mod h1:HFkY916IF+rwdDfMAkV7OtwuqBVzrE8GR6GFx+wExME=
github.com/stretchr/testify v1.5.1 h1:nOGnQDM7FYENwehXlg/kFVnos3rEvtKTjRvOWSzb6H4=
github.com/stretchr/testify v1.5.1/go.mod h1:5W2xD1RspED5o8YsWQXVCued0rvSQ+mT+I5cxcmMvtA=
gopkg.in/check.v1 v0.0.0-20161208181325-20d25e280405 h1:yhCVgyC4o1eVCa2tZl7eS0r+SDo693bJlVdllGtEeKM=
gopkg.in/check.v1 v0.0.0-20161208181325-20d25e280405/go.mod h1:Co6ibVJAznAaIkqp8huTwlJQCZ016jof/cbN4VW5Yz0=
gopkg.in/check.v1 v1.0.0-20200227125254-8fa46927fb4f h1:BLraFXnmrev5lT+xlilqcH8XK9/i0At2xKjWk4p6zsU=
gopkg.in/check.v1 v1.0.0-20200227125254-8fa46927fb4f/go.mod h1:Co6ibVJAznAaIkqp8huTwlJQCZ016jof/cbN4VW5Yz0=
gopkg.in/yaml.v2 v2.2.2 h1:ZCJp+EgiOT7lHqUV2J862kp8Qj64Jo6az82+3Td9dZw=
gopkg.in/yaml.v2 v2.2.2/go.mod h1:hI93XBmqTisBFMUTm0b8Fm+jr3Dg1NNxqwp+5A1VGuI=
gopkg.in/yaml.v2 v2.3.0 h1:clyUAQHOM3G0M3f5vQj7LuJrETvjVot3Z5el9nffUtU=
gopkg.in/yaml.v2 v2.3.0/go.mod h1:hI93XBmqTisBFMUTm0b8Fm+jr3Dg1NNxqwp+5A1VGuI=
